
Microsoft Visual Studio Solution File, Format Version 12.00
# Visual Studio Version 16
VisualStudioVersion = 16.0.30907.101
MinimumVisualStudioVersion = 10.0.40219.1
Project("{FAE04EC0-301F-11D3-BF4B-00C04F79EFBC}") = "PL", "PL\PL.csproj", "{6E91606E-51F5-4931-B87A-CE1F451DAD2D}"
EndProject
Project("{2150E333-8FDC-42A3-9474-1A3956D46DE8}") = "PL", "PL", "{E8397054-7963-48CB-BF03-CC71058189AE}"
EndProject
Project("{2150E333-8FDC-42A3-9474-1A3956D46DE8}") = "BLL", "BLL", "{83548E84-756B-467F-8226-4533E49759CF}"
EndProject
Project("{2150E333-8FDC-42A3-9474-1A3956D46DE8}") = "DAL", "DAL", "{E87BFAB5-54EA-4D69-AAFC-4A0DC53EBE16}"
EndProject
Project("{2150E333-8FDC-42A3-9474-1A3956D46DE8}") = "COMMON", "COMMON", "{E9391122-A89B-4AE8-8969-B5C517E03EF4}"
EndProject
Project("{FAE04EC0-301F-11D3-BF4B-00C04F79EFBC}") = "DAO", "DAO\DAO.csproj", "{2BF7263C-3830-4C55-8B5B-D7055D35444F}"
EndProject
Project("{FAE04EC0-301F-11D3-BF4B-00C04F79EFBC}") = "DAO_Interface", "DAO_Interface\DAO_Interface.csproj", "{30DCE35C-CB0E-4414-B855-2C8EDF801A5D}"
EndProject
Project("{FAE04EC0-301F-11D3-BF4B-00C04F79EFBC}") = "ProjectEntities", "ProjectEntities\ProjectEntities.csproj", "{9460FDF5-C1AC-4697-BA59-F727D8D0BB96}"
EndProject
Project("{FAE04EC0-301F-11D3-BF4B-00C04F79EFBC}") = "BL", "BL\BL.csproj", "{5D7EAD56-7AC0-4A2D-8587-2698702F718F}"
EndProject
Project("{FAE04EC0-301F-11D3-BF4B-00C04F79EFBC}") = "BL_Interface", "BL_Interface\BL_Interface.csproj", "{948BD9E8-D65A-4F82-A0EC-73400854B242}"
EndProject
Project("{FAE04EC0-301F-11D3-BF4B-00C04F79EFBC}") = "ProjectTests", "ProjectTests\ProjectTests.csproj", "{FDA11C1C-00E7-45D7-A3E1-5A59ED2189C6}"
EndProject
Global
	GlobalSection(SolutionConfigurationPlatforms) = preSolution
		Debug|Any CPU = Debug|Any CPU
		Release|Any CPU = Release|Any CPU
	EndGlobalSection
	GlobalSection(ProjectConfigurationPlatforms) = postSolution
		{6E91606E-51F5-4931-B87A-CE1F451DAD2D}.Debug|Any CPU.ActiveCfg = Debug|Any CPU
		{6E91606E-51F5-4931-B87A-CE1F451DAD2D}.Debug|Any CPU.Build.0 = Debug|Any CPU
		{6E91606E-51F5-4931-B87A-CE1F451DAD2D}.Release|Any CPU.ActiveCfg = Release|Any CPU
		{6E91606E-51F5-4931-B87A-CE1F451DAD2D}.Release|Any CPU.Build.0 = Release|Any CPU
		{2BF7263C-3830-4C55-8B5B-D7055D35444F}.Debug|Any CPU.ActiveCfg = Debug|Any CPU
		{2BF7263C-3830-4C55-8B5B-D7055D35444F}.Debug|Any CPU.Build.0 = Debug|Any CPU
		{2BF7263C-3830-4C55-8B5B-D7055D35444F}.Release|Any CPU.ActiveCfg = Release|Any CPU
		{2BF7263C-3830-4C55-8B5B-D7055D35444F}.Release|Any CPU.Build.0 = Release|Any CPU
		{30DCE35C-CB0E-4414-B855-2C8EDF801A5D}.Debug|Any CPU.ActiveCfg = Debug|Any CPU
		{30DCE35C-CB0E-4414-B855-2C8EDF801A5D}.Debug|Any CPU.Build.0 = Debug|Any CPU
		{30DCE35C-CB0E-4414-B855-2C8EDF801A5D}.Release|Any CPU.ActiveCfg = Release|Any CPU
		{30DCE35C-CB0E-4414-B855-2C8EDF801A5D}.Release|Any CPU.Build.0 = Release|Any CPU
		{9460FDF5-C1AC-4697-BA59-F727D8D0BB96}.Debug|Any CPU.ActiveCfg = Debug|Any CPU
		{9460FDF5-C1AC-4697-BA59-F727D8D0BB96}.Debug|Any CPU.Build.0 = Debug|Any CPU
		{9460FDF5-C1AC-4697-BA59-F727D8D0BB96}.Release|Any CPU.ActiveCfg = Release|Any CPU
		{9460FDF5-C1AC-4697-BA59-F727D8D0BB96}.Release|Any CPU.Build.0 = Release|Any CPU
		{5D7EAD56-7AC0-4A2D-8587-2698702F718F}.Debug|Any CPU.ActiveCfg = Debug|Any CPU
		{5D7EAD56-7AC0-4A2D-8587-2698702F718F}.Debug|Any CPU.Build.0 = Debug|Any CPU
		{5D7EAD56-7AC0-4A2D-8587-2698702F718F}.Release|Any CPU.ActiveCfg = Release|Any CPU
		{5D7EAD56-7AC0-4A2D-8587-2698702F718F}.Release|Any CPU.Build.0 = Release|Any CPU
		{948BD9E8-D65A-4F82-A0EC-73400854B242}.Debug|Any CPU.ActiveCfg = Debug|Any CPU
		{948BD9E8-D65A-4F82-A0EC-73400854B242}.Debug|Any CPU.Build.0 = Debug|Any CPU
		{948BD9E8-D65A-4F82-A0EC-73400854B242}.Release|Any CPU.ActiveCfg = Release|Any CPU
		{948BD9E8-D65A-4F82-A0EC-73400854B242}.Release|Any CPU.Build.0 = Release|Any CPU
		{FDA11C1C-00E7-45D7-A3E1-5A59ED2189C6}.Debug|Any CPU.ActiveCfg = Debug|Any CPU
		{FDA11C1C-00E7-45D7-A3E1-5A59ED2189C6}.Debug|Any CPU.Build.0 = Debug|Any CPU
		{FDA11C1C-00E7-45D7-A3E1-5A59ED2189C6}.Release|Any CPU.ActiveCfg = Release|Any CPU
		{FDA11C1C-00E7-45D7-A3E1-5A59ED2189C6}.Release|Any CPU.Build.0 = Release|Any CPU
	EndGlobalSection
	GlobalSection(SolutionProperties) = preSolution
		HideSolutionNode = FALSE
	EndGlobalSection
	GlobalSection(NestedProjects) = preSolution
		{6E91606E-51F5-4931-B87A-CE1F451DAD2D} = {E8397054-7963-48CB-BF03-CC71058189AE}
		{2BF7263C-3830-4C55-8B5B-D7055D35444F} = {E87BFAB5-54EA-4D69-AAFC-4A0DC53EBE16}
		{30DCE35C-CB0E-4414-B855-2C8EDF801A5D} = {E87BFAB5-54EA-4D69-AAFC-4A0DC53EBE16}
		{9460FDF5-C1AC-4697-BA59-F727D8D0BB96} = {E9391122-A89B-4AE8-8969-B5C517E03EF4}
		{5D7EAD56-7AC0-4A2D-8587-2698702F718F} = {83548E84-756B-467F-8226-4533E49759CF}
		{948BD9E8-D65A-4F82-A0EC-73400854B242} = {83548E84-756B-467F-8226-4533E49759CF}
		{FDA11C1C-00E7-45D7-A3E1-5A59ED2189C6} = {E8397054-7963-48CB-BF03-CC71058189AE}
	EndGlobalSection
	GlobalSection(ExtensibilityGlobals) = postSolution
		SolutionGuid = {FF409746-3559-4AE4-8FF0-19914EF0785D}
	EndGlobalSection
EndGlobal
